// !$*UTF8*$!
{
	archiveVersion = 1;
	classes = {
	};
	objectVersion = 46;
	objects = {

/* Begin PBXBuildFile section */
		36001D131F6721D3006748EF /* NetworkService.m in Sources */ = {isa = PBXBuildFile; fileRef = 36001D121F6721D3006748EF /* NetworkService.m */; };
		36001D191F672875006748EF /* CurrencyProvider+Private.m in Sources */ = {isa = PBXBuildFile; fileRef = 36001D181F672875006748EF /* CurrencyProvider+Private.m */; };
		36001D241F67A4F5006748EF /* CurrencyProvider+Network.m in Sources */ = {isa = PBXBuildFile; fileRef = 36001D201F67A4F5006748EF /* CurrencyProvider+Network.m */; };
		36001D251F67A4F5006748EF /* CurrencyPairResponseSerializer.m in Sources */ = {isa = PBXBuildFile; fileRef = 36001D231F67A4F5006748EF /* CurrencyPairResponseSerializer.m */; };
		363255FC1F651EEF003E10F2 /* AccountViewModel.m in Sources */ = {isa = PBXBuildFile; fileRef = 363255FB1F651EEF003E10F2 /* AccountViewModel.m */; };
		363255FF1F651F08003E10F2 /* AccountViewModel+DefaultAccount.m in Sources */ = {isa = PBXBuildFile; fileRef = 363255FE1F651F08003E10F2 /* AccountViewModel+DefaultAccount.m */; };
		36501F4C1F65552B00B70691 /* AccountRecordTableViewCell.m in Sources */ = {isa = PBXBuildFile; fileRef = 36501F4B1F65552B00B70691 /* AccountRecordTableViewCell.m */; };
		36501F501F656AF600B70691 /* ExchangeViewModel.m in Sources */ = {isa = PBXBuildFile; fileRef = 36501F4F1F656AF600B70691 /* ExchangeViewModel.m */; };
		36501F541F65799E00B70691 /* AccountRecordView.m in Sources */ = {isa = PBXBuildFile; fileRef = 36501F531F65799E00B70691 /* AccountRecordView.m */; };
		36501F561F6579ED00B70691 /* AccountRecordView.xib in Resources */ = {isa = PBXBuildFile; fileRef = 36501F551F6579ED00B70691 /* AccountRecordView.xib */; };
		36501F5A1F657F6F00B70691 /* UIView+Ex.m in Sources */ = {isa = PBXBuildFile; fileRef = 36501F591F657F6F00B70691 /* UIView+Ex.m */; };
		36501F5E1F65876900B70691 /* CarouselView.m in Sources */ = {isa = PBXBuildFile; fileRef = 36501F5D1F65876900B70691 /* CarouselView.m */; };
		36501F601F65878A00B70691 /* CarouselView.xib in Resources */ = {isa = PBXBuildFile; fileRef = 36501F5F1F65878A00B70691 /* CarouselView.xib */; };
		36501F631F66820300B70691 /* CurrencyPair.m in Sources */ = {isa = PBXBuildFile; fileRef = 36501F621F66820300B70691 /* CurrencyPair.m */; };
		36501F661F66A20400B70691 /* AccountViewModel+Private.m in Sources */ = {isa = PBXBuildFile; fileRef = 36501F651F66A20400B70691 /* AccountViewModel+Private.m */; };
		36501F6A1F66A45100B70691 /* Utils.m in Sources */ = {isa = PBXBuildFile; fileRef = 36501F691F66A45100B70691 /* Utils.m */; };
		36501F6E1F66F0FE00B70691 /* NSNumber+Currency.m in Sources */ = {isa = PBXBuildFile; fileRef = 36501F6D1F66F0FE00B70691 /* NSNumber+Currency.m */; };
		36501F711F66F2A000B70691 /* Localizable.strings in Resources */ = {isa = PBXBuildFile; fileRef = 36501F701F66F2A000B70691 /* Localizable.strings */; };
		36501F741F67032700B70691 /* ExchangeTransaction.m in Sources */ = {isa = PBXBuildFile; fileRef = 36501F731F67032700B70691 /* ExchangeTransaction.m */; };
		36501F761F670B5F00B70691 /* Errors.strings in Resources */ = {isa = PBXBuildFile; fileRef = 36501F751F670B5F00B70691 /* Errors.strings */; };
		36501F791F671C3700B70691 /* UIViewController+Errors.m in Sources */ = {isa = PBXBuildFile; fileRef = 36501F781F671C3700B70691 /* UIViewController+Errors.m */; };
		36B342511F67A7D1002F6B64 /* CurrencyPairResponse.m in Sources */ = {isa = PBXBuildFile; fileRef = 36B342501F67A7D1002F6B64 /* CurrencyPairResponse.m */; };
		36D2852A1F63EE14007B0034 /* main.m in Sources */ = {isa = PBXBuildFile; fileRef = 36D285291F63EE14007B0034 /* main.m */; };
		36D2852D1F63EE14007B0034 /* AppDelegate.m in Sources */ = {isa = PBXBuildFile; fileRef = 36D2852C1F63EE14007B0034 /* AppDelegate.m */; };
		36D285331F63EE14007B0034 /* Main.storyboard in Resources */ = {isa = PBXBuildFile; fileRef = 36D285311F63EE14007B0034 /* Main.storyboard */; };
		36D285351F63EE14007B0034 /* Assets.xcassets in Resources */ = {isa = PBXBuildFile; fileRef = 36D285341F63EE14007B0034 /* Assets.xcassets */; };
		36D285381F63EE14007B0034 /* LaunchScreen.storyboard in Resources */ = {isa = PBXBuildFile; fileRef = 36D285361F63EE14007B0034 /* LaunchScreen.storyboard */; };
		36D285431F63EE15007B0034 /* CurrencyExchangeTests.m in Sources */ = {isa = PBXBuildFile; fileRef = 36D285421F63EE15007B0034 /* CurrencyExchangeTests.m */; };
		36D285521F63EEB2007B0034 /* AccountViewController.m in Sources */ = {isa = PBXBuildFile; fileRef = 36D285511F63EEB2007B0034 /* AccountViewController.m */; };
		36D285551F63EEC1007B0034 /* ExchangeViewController.m in Sources */ = {isa = PBXBuildFile; fileRef = 36D285541F63EEC1007B0034 /* ExchangeViewController.m */; };
		36D285671F63F35F007B0034 /* Currency.m in Sources */ = {isa = PBXBuildFile; fileRef = 36D285661F63F35F007B0034 /* Currency.m */; };
		36D2856A1F63F453007B0034 /* Account.m in Sources */ = {isa = PBXBuildFile; fileRef = 36D285691F63F453007B0034 /* Account.m */; };
		36D2856D1F63F510007B0034 /* AccountRecord.m in Sources */ = {isa = PBXBuildFile; fileRef = 36D2856C1F63F510007B0034 /* AccountRecord.m */; };
		36D285731F63FD6B007B0034 /* CurrencyProvider.m in Sources */ = {isa = PBXBuildFile; fileRef = 36D285721F63FD6B007B0034 /* CurrencyProvider.m */; };
		991A141383AA3A6BD778AB47 /* Pods_CurrencyExchange.framework in Frameworks */ = {isa = PBXBuildFile; fileRef = 077AD2469B13C9441A896D06 /* Pods_CurrencyExchange.framework */; };
/* End PBXBuildFile section */

/* Begin PBXContainerItemProxy section */
		36D2853F1F63EE15007B0034 /* PBXContainerItemProxy */ = {
			isa = PBXContainerItemProxy;
			containerPortal = 36D2851D1F63EE14007B0034 /* Project object */;
			proxyType = 1;
			remoteGlobalIDString = 36D285241F63EE14007B0034;
			remoteInfo = CurrencyExchange;
		};
/* End PBXContainerItemProxy section */

/* Begin PBXFileReference section */
		077AD2469B13C9441A896D06 /* Pods_CurrencyExchange.framework */ = {isa = PBXFileReference; explicitFileType = wrapper.framework; includeInIndex = 0; path = Pods_CurrencyExchange.framework; sourceTree = BUILT_PRODUCTS_DIR; };
		36001D111F6721D3006748EF /* NetworkService.h */ = {isa = PBXFileReference; fileEncoding = 4; lastKnownFileType = sourcecode.c.h; path = NetworkService.h; sourceTree = "<group>"; };
		36001D121F6721D3006748EF /* NetworkService.m */ = {isa = PBXFileReference; fileEncoding = 4; lastKnownFileType = sourcecode.c.objc; path = NetworkService.m; sourceTree = "<group>"; };
		36001D171F672875006748EF /* CurrencyProvider+Private.h */ = {isa = PBXFileReference; fileEncoding = 4; lastKnownFileType = sourcecode.c.h; name = "CurrencyProvider+Private.h"; path = "../CurrencyProvider+Private.h"; sourceTree = "<group>"; };
		36001D181F672875006748EF /* CurrencyProvider+Private.m */ = {isa = PBXFileReference; fileEncoding = 4; lastKnownFileType = sourcecode.c.objc; name = "CurrencyProvider+Private.m"; path = "../CurrencyProvider+Private.m"; sourceTree = "<group>"; };
		36001D1F1F67A4F5006748EF /* CurrencyProvider+Network.h */ = {isa = PBXFileReference; fileEncoding = 4; lastKnownFileType = sourcecode.c.h; path = "CurrencyProvider+Network.h"; sourceTree = "<group>"; };
		36001D201F67A4F5006748EF /* CurrencyProvider+Network.m */ = {isa = PBXFileReference; fileEncoding = 4; lastKnownFileType = sourcecode.c.objc; path = "CurrencyProvider+Network.m"; sourceTree = "<group>"; };
		36001D221F67A4F5006748EF /* CurrencyPairResponseSerializer.h */ = {isa = PBXFileReference; fileEncoding = 4; lastKnownFileType = sourcecode.c.h; path = CurrencyPairResponseSerializer.h; sourceTree = "<group>"; };
		36001D231F67A4F5006748EF /* CurrencyPairResponseSerializer.m */ = {isa = PBXFileReference; fileEncoding = 4; lastKnownFileType = sourcecode.c.objc; path = CurrencyPairResponseSerializer.m; sourceTree = "<group>"; };
		363255FA1F651EEF003E10F2 /* AccountViewModel.h */ = {isa = PBXFileReference; fileEncoding = 4; lastKnownFileType = sourcecode.c.h; path = AccountViewModel.h; sourceTree = "<group>"; };
		363255FB1F651EEF003E10F2 /* AccountViewModel.m */ = {isa = PBXFileReference; fileEncoding = 4; lastKnownFileType = sourcecode.c.objc; path = AccountViewModel.m; sourceTree = "<group>"; };
		363255FD1F651F08003E10F2 /* AccountViewModel+DefaultAccount.h */ = {isa = PBXFileReference; fileEncoding = 4; lastKnownFileType = sourcecode.c.h; path = "AccountViewModel+DefaultAccount.h"; sourceTree = "<group>"; };
		363255FE1F651F08003E10F2 /* AccountViewModel+DefaultAccount.m */ = {isa = PBXFileReference; fileEncoding = 4; lastKnownFileType = sourcecode.c.objc; path = "AccountViewModel+DefaultAccount.m"; sourceTree = "<group>"; };
		36501F4A1F65552B00B70691 /* AccountRecordTableViewCell.h */ = {isa = PBXFileReference; fileEncoding = 4; lastKnownFileType = sourcecode.c.h; path = AccountRecordTableViewCell.h; sourceTree = "<group>"; };
		36501F4B1F65552B00B70691 /* AccountRecordTableViewCell.m */ = {isa = PBXFileReference; fileEncoding = 4; lastKnownFileType = sourcecode.c.objc; path = AccountRecordTableViewCell.m; sourceTree = "<group>"; };
		36501F4E1F656AF600B70691 /* ExchangeViewModel.h */ = {isa = PBXFileReference; fileEncoding = 4; lastKnownFileType = sourcecode.c.h; path = ExchangeViewModel.h; sourceTree = "<group>"; };
		36501F4F1F656AF600B70691 /* ExchangeViewModel.m */ = {isa = PBXFileReference; fileEncoding = 4; lastKnownFileType = sourcecode.c.objc; path = ExchangeViewModel.m; sourceTree = "<group>"; };
		36501F521F65799E00B70691 /* AccountRecordView.h */ = {isa = PBXFileReference; fileEncoding = 4; lastKnownFileType = sourcecode.c.h; path = AccountRecordView.h; sourceTree = "<group>"; };
		36501F531F65799E00B70691 /* AccountRecordView.m */ = {isa = PBXFileReference; fileEncoding = 4; lastKnownFileType = sourcecode.c.objc; path = AccountRecordView.m; sourceTree = "<group>"; };
		36501F551F6579ED00B70691 /* AccountRecordView.xib */ = {isa = PBXFileReference; fileEncoding = 4; lastKnownFileType = file.xib; path = AccountRecordView.xib; sourceTree = "<group>"; };
		36501F581F657F6F00B70691 /* UIView+Ex.h */ = {isa = PBXFileReference; fileEncoding = 4; lastKnownFileType = sourcecode.c.h; path = "UIView+Ex.h"; sourceTree = "<group>"; };
		36501F591F657F6F00B70691 /* UIView+Ex.m */ = {isa = PBXFileReference; fileEncoding = 4; lastKnownFileType = sourcecode.c.objc; path = "UIView+Ex.m"; sourceTree = "<group>"; };
		36501F5C1F65876900B70691 /* CarouselView.h */ = {isa = PBXFileReference; fileEncoding = 4; lastKnownFileType = sourcecode.c.h; path = CarouselView.h; sourceTree = "<group>"; };
		36501F5D1F65876900B70691 /* CarouselView.m */ = {isa = PBXFileReference; fileEncoding = 4; lastKnownFileType = sourcecode.c.objc; path = CarouselView.m; sourceTree = "<group>"; };
		36501F5F1F65878A00B70691 /* CarouselView.xib */ = {isa = PBXFileReference; fileEncoding = 4; lastKnownFileType = file.xib; path = CarouselView.xib; sourceTree = "<group>"; };
		36501F611F66820300B70691 /* CurrencyPair.h */ = {isa = PBXFileReference; fileEncoding = 4; lastKnownFileType = sourcecode.c.h; path = CurrencyPair.h; sourceTree = "<group>"; };
		36501F621F66820300B70691 /* CurrencyPair.m */ = {isa = PBXFileReference; fileEncoding = 4; lastKnownFileType = sourcecode.c.objc; path = CurrencyPair.m; sourceTree = "<group>"; };
		36501F641F66A20400B70691 /* AccountViewModel+Private.h */ = {isa = PBXFileReference; fileEncoding = 4; lastKnownFileType = sourcecode.c.h; path = "AccountViewModel+Private.h"; sourceTree = "<group>"; };
		36501F651F66A20400B70691 /* AccountViewModel+Private.m */ = {isa = PBXFileReference; fileEncoding = 4; lastKnownFileType = sourcecode.c.objc; path = "AccountViewModel+Private.m"; sourceTree = "<group>"; };
		36501F681F66A45100B70691 /* Utils.h */ = {isa = PBXFileReference; fileEncoding = 4; lastKnownFileType = sourcecode.c.h; path = Utils.h; sourceTree = "<group>"; };
		36501F691F66A45100B70691 /* Utils.m */ = {isa = PBXFileReference; fileEncoding = 4; lastKnownFileType = sourcecode.c.objc; path = Utils.m; sourceTree = "<group>"; };
		36501F6C1F66F0FE00B70691 /* NSNumber+Currency.h */ = {isa = PBXFileReference; fileEncoding = 4; lastKnownFileType = sourcecode.c.h; path = "NSNumber+Currency.h"; sourceTree = "<group>"; };
		36501F6D1F66F0FE00B70691 /* NSNumber+Currency.m */ = {isa = PBXFileReference; fileEncoding = 4; lastKnownFileType = sourcecode.c.objc; path = "NSNumber+Currency.m"; sourceTree = "<group>"; };
		36501F701F66F2A000B70691 /* Localizable.strings */ = {isa = PBXFileReference; fileEncoding = 4; lastKnownFileType = text.plist.strings; path = Localizable.strings; sourceTree = "<group>"; };
		36501F721F67032700B70691 /* ExchangeTransaction.h */ = {isa = PBXFileReference; fileEncoding = 4; lastKnownFileType = sourcecode.c.h; path = ExchangeTransaction.h; sourceTree = "<group>"; };
		36501F731F67032700B70691 /* ExchangeTransaction.m */ = {isa = PBXFileReference; fileEncoding = 4; lastKnownFileType = sourcecode.c.objc; path = ExchangeTransaction.m; sourceTree = "<group>"; };
		36501F751F670B5F00B70691 /* Errors.strings */ = {isa = PBXFileReference; fileEncoding = 4; lastKnownFileType = text.plist.strings; path = Errors.strings; sourceTree = "<group>"; };
		36501F771F671C3700B70691 /* UIViewController+Errors.h */ = {isa = PBXFileReference; fileEncoding = 4; lastKnownFileType = sourcecode.c.h; path = "UIViewController+Errors.h"; sourceTree = "<group>"; };
		36501F781F671C3700B70691 /* UIViewController+Errors.m */ = {isa = PBXFileReference; fileEncoding = 4; lastKnownFileType = sourcecode.c.objc; path = "UIViewController+Errors.m"; sourceTree = "<group>"; };
		36B3424F1F67A7D1002F6B64 /* CurrencyPairResponse.h */ = {isa = PBXFileReference; fileEncoding = 4; lastKnownFileType = sourcecode.c.h; path = CurrencyPairResponse.h; sourceTree = "<group>"; };
		36B342501F67A7D1002F6B64 /* CurrencyPairResponse.m */ = {isa = PBXFileReference; fileEncoding = 4; lastKnownFileType = sourcecode.c.objc; path = CurrencyPairResponse.m; sourceTree = "<group>"; };
		36D285251F63EE14007B0034 /* CurrencyExchange.app */ = {isa = PBXFileReference; explicitFileType = wrapper.application; includeInIndex = 0; path = CurrencyExchange.app; sourceTree = BUILT_PRODUCTS_DIR; };
		36D285291F63EE14007B0034 /* main.m */ = {isa = PBXFileReference; lastKnownFileType = sourcecode.c.objc; path = main.m; sourceTree = "<group>"; };
		36D2852B1F63EE14007B0034 /* AppDelegate.h */ = {isa = PBXFileReference; lastKnownFileType = sourcecode.c.h; path = AppDelegate.h; sourceTree = "<group>"; };
		36D2852C1F63EE14007B0034 /* AppDelegate.m */ = {isa = PBXFileReference; lastKnownFileType = sourcecode.c.objc; path = AppDelegate.m; sourceTree = "<group>"; };
		36D285321F63EE14007B0034 /* Base */ = {isa = PBXFileReference; lastKnownFileType = file.storyboard; name = Base; path = Base.lproj/Main.storyboard; sourceTree = "<group>"; };
		36D285341F63EE14007B0034 /* Assets.xcassets */ = {isa = PBXFileReference; lastKnownFileType = folder.assetcatalog; path = Assets.xcassets; sourceTree = "<group>"; };
		36D285371F63EE14007B0034 /* Base */ = {isa = PBXFileReference; lastKnownFileType = file.storyboard; name = Base; path = Base.lproj/LaunchScreen.storyboard; sourceTree = "<group>"; };
		36D285391F63EE14007B0034 /* Info.plist */ = {isa = PBXFileReference; lastKnownFileType = text.plist.xml; path = Info.plist; sourceTree = "<group>"; };
		36D2853E1F63EE15007B0034 /* CurrencyExchangeTests.xctest */ = {isa = PBXFileReference; explicitFileType = wrapper.cfbundle; includeInIndex = 0; path = CurrencyExchangeTests.xctest; sourceTree = BUILT_PRODUCTS_DIR; };
		36D285421F63EE15007B0034 /* CurrencyExchangeTests.m */ = {isa = PBXFileReference; lastKnownFileType = sourcecode.c.objc; path = CurrencyExchangeTests.m; sourceTree = "<group>"; };
		36D285441F63EE15007B0034 /* Info.plist */ = {isa = PBXFileReference; lastKnownFileType = text.plist.xml; path = Info.plist; sourceTree = "<group>"; };
		36D285501F63EEB2007B0034 /* AccountViewController.h */ = {isa = PBXFileReference; fileEncoding = 4; lastKnownFileType = sourcecode.c.h; path = AccountViewController.h; sourceTree = "<group>"; };
		36D285511F63EEB2007B0034 /* AccountViewController.m */ = {isa = PBXFileReference; fileEncoding = 4; lastKnownFileType = sourcecode.c.objc; path = AccountViewController.m; sourceTree = "<group>"; };
		36D285531F63EEC1007B0034 /* ExchangeViewController.h */ = {isa = PBXFileReference; fileEncoding = 4; lastKnownFileType = sourcecode.c.h; path = ExchangeViewController.h; sourceTree = "<group>"; };
		36D285541F63EEC1007B0034 /* ExchangeViewController.m */ = {isa = PBXFileReference; fileEncoding = 4; lastKnownFileType = sourcecode.c.objc; path = ExchangeViewController.m; sourceTree = "<group>"; };
		36D285651F63F35F007B0034 /* Currency.h */ = {isa = PBXFileReference; fileEncoding = 4; lastKnownFileType = sourcecode.c.h; path = Currency.h; sourceTree = "<group>"; };
		36D285661F63F35F007B0034 /* Currency.m */ = {isa = PBXFileReference; fileEncoding = 4; lastKnownFileType = sourcecode.c.objc; path = Currency.m; sourceTree = "<group>"; };
		36D285681F63F453007B0034 /* Account.h */ = {isa = PBXFileReference; fileEncoding = 4; lastKnownFileType = sourcecode.c.h; path = Account.h; sourceTree = "<group>"; };
		36D285691F63F453007B0034 /* Account.m */ = {isa = PBXFileReference; fileEncoding = 4; lastKnownFileType = sourcecode.c.objc; path = Account.m; sourceTree = "<group>"; };
		36D2856B1F63F510007B0034 /* AccountRecord.h */ = {isa = PBXFileReference; fileEncoding = 4; lastKnownFileType = sourcecode.c.h; path = AccountRecord.h; sourceTree = "<group>"; };
		36D2856C1F63F510007B0034 /* AccountRecord.m */ = {isa = PBXFileReference; fileEncoding = 4; lastKnownFileType = sourcecode.c.objc; path = AccountRecord.m; sourceTree = "<group>"; };
		36D285711F63FD6B007B0034 /* CurrencyProvider.h */ = {isa = PBXFileReference; fileEncoding = 4; lastKnownFileType = sourcecode.c.h; path = CurrencyProvider.h; sourceTree = "<group>"; };
		36D285721F63FD6B007B0034 /* CurrencyProvider.m */ = {isa = PBXFileReference; fileEncoding = 4; lastKnownFileType = sourcecode.c.objc; path = CurrencyProvider.m; sourceTree = "<group>"; };
		FACEE0838B1CCB77444A8641 /* Pods-CurrencyExchange.release.xcconfig */ = {isa = PBXFileReference; includeInIndex = 1; lastKnownFileType = text.xcconfig; name = "Pods-CurrencyExchange.release.xcconfig"; path = "../Pods/Target Support Files/Pods-CurrencyExchange/Pods-CurrencyExchange.release.xcconfig"; sourceTree = "<group>"; };
		FE82FA054182A07C5C74B7E9 /* Pods-CurrencyExchange.debug.xcconfig */ = {isa = PBXFileReference; includeInIndex = 1; lastKnownFileType = text.xcconfig; name = "Pods-CurrencyExchange.debug.xcconfig"; path = "../Pods/Target Support Files/Pods-CurrencyExchange/Pods-CurrencyExchange.debug.xcconfig"; sourceTree = "<group>"; };
/* End PBXFileReference section */

/* Begin PBXFrameworksBuildPhase section */
		36D285221F63EE14007B0034 /* Frameworks */ = {
			isa = PBXFrameworksBuildPhase;
			buildActionMask = 2147483647;
			files = (
				991A141383AA3A6BD778AB47 /* Pods_CurrencyExchange.framework in Frameworks */,
			);
			runOnlyForDeploymentPostprocessing = 0;
		};
		36D2853B1F63EE15007B0034 /* Frameworks */ = {
			isa = PBXFrameworksBuildPhase;
			buildActionMask = 2147483647;
			files = (
			);
			runOnlyForDeploymentPostprocessing = 0;
		};
/* End PBXFrameworksBuildPhase section */

/* Begin PBXGroup section */
		36001D1E1F67A4F5006748EF /* Server */ = {
			isa = PBXGroup;
			children = (
				36001D211F67A4F5006748EF /* Parser */,
				36001D171F672875006748EF /* CurrencyProvider+Private.h */,
				36001D181F672875006748EF /* CurrencyProvider+Private.m */,
				36001D1F1F67A4F5006748EF /* CurrencyProvider+Network.h */,
				36001D201F67A4F5006748EF /* CurrencyProvider+Network.m */,
			);
			path = Server;
			sourceTree = "<group>";
		};
		36001D211F67A4F5006748EF /* Parser */ = {
			isa = PBXGroup;
			children = (
				36001D221F67A4F5006748EF /* CurrencyPairResponseSerializer.h */,
				36001D231F67A4F5006748EF /* CurrencyPairResponseSerializer.m */,
				36B3424F1F67A7D1002F6B64 /* CurrencyPairResponse.h */,
				36B342501F67A7D1002F6B64 /* CurrencyPairResponse.m */,
			);
			path = Parser;
			sourceTree = "<group>";
		};
		363255F91F651EEF003E10F2 /* ViewModel */ = {
			isa = PBXGroup;
			children = (
				363255FA1F651EEF003E10F2 /* AccountViewModel.h */,
				363255FB1F651EEF003E10F2 /* AccountViewModel.m */,
				363255FD1F651F08003E10F2 /* AccountViewModel+DefaultAccount.h */,
				363255FE1F651F08003E10F2 /* AccountViewModel+DefaultAccount.m */,
				36501F641F66A20400B70691 /* AccountViewModel+Private.h */,
				36501F651F66A20400B70691 /* AccountViewModel+Private.m */,
			);
			path = ViewModel;
			sourceTree = "<group>";
		};
		36501F491F65551800B70691 /* Cell */ = {
			isa = PBXGroup;
			children = (
				36501F4A1F65552B00B70691 /* AccountRecordTableViewCell.h */,
				36501F4B1F65552B00B70691 /* AccountRecordTableViewCell.m */,
			);
			path = Cell;
			sourceTree = "<group>";
		};
		36501F4D1F656AF600B70691 /* ViewModel */ = {
			isa = PBXGroup;
			children = (
				36501F4E1F656AF600B70691 /* ExchangeViewModel.h */,
				36501F4F1F656AF600B70691 /* ExchangeViewModel.m */,
			);
			path = ViewModel;
			sourceTree = "<group>";
		};
		36501F511F6578D600B70691 /* AccountRecordView */ = {
			isa = PBXGroup;
			children = (
				36501F521F65799E00B70691 /* AccountRecordView.h */,
				36501F531F65799E00B70691 /* AccountRecordView.m */,
				36501F551F6579ED00B70691 /* AccountRecordView.xib */,
			);
			path = AccountRecordView;
			sourceTree = "<group>";
		};
		36501F571F657F5600B70691 /* UIView */ = {
			isa = PBXGroup;
			children = (
				36501F581F657F6F00B70691 /* UIView+Ex.h */,
				36501F591F657F6F00B70691 /* UIView+Ex.m */,
			);
			path = UIView;
			sourceTree = "<group>";
		};
		36501F5B1F65875F00B70691 /* CarouselView */ = {
			isa = PBXGroup;
			children = (
				36501F5C1F65876900B70691 /* CarouselView.h */,
				36501F5D1F65876900B70691 /* CarouselView.m */,
				36501F5F1F65878A00B70691 /* CarouselView.xib */,
			);
			path = CarouselView;
			sourceTree = "<group>";
		};
		36501F671F66A44300B70691 /* Utils */ = {
			isa = PBXGroup;
			children = (
				36501F681F66A45100B70691 /* Utils.h */,
				36501F691F66A45100B70691 /* Utils.m */,
			);
			path = Utils;
			sourceTree = "<group>";
		};
		36501F6B1F66F0EF00B70691 /* Extensions */ = {
			isa = PBXGroup;
			children = (
				36501F6C1F66F0FE00B70691 /* NSNumber+Currency.h */,
				36501F6D1F66F0FE00B70691 /* NSNumber+Currency.m */,
				36501F771F671C3700B70691 /* UIViewController+Errors.h */,
				36501F781F671C3700B70691 /* UIViewController+Errors.m */,
			);
			path = Extensions;
			sourceTree = "<group>";
		};
		36501F6F1F66F28D00B70691 /* Localization */ = {
			isa = PBXGroup;
			children = (
				36501F701F66F2A000B70691 /* Localizable.strings */,
				36501F751F670B5F00B70691 /* Errors.strings */,
			);
			path = Localization;
			sourceTree = "<group>";
		};
		36D2851C1F63EE14007B0034 = {
			isa = PBXGroup;
			children = (
				36D285271F63EE14007B0034 /* CurrencyExchange */,
				36D285411F63EE15007B0034 /* CurrencyExchangeTests */,
				36D285261F63EE14007B0034 /* Products */,
				8A4E8227024FBCB7DE4ECF18 /* Pods */,
				AFC518DD4F92BF652AF1D4CD /* Frameworks */,
			);
			sourceTree = "<group>";
		};
		36D285261F63EE14007B0034 /* Products */ = {
			isa = PBXGroup;
			children = (
				36D285251F63EE14007B0034 /* CurrencyExchange.app */,
				36D2853E1F63EE15007B0034 /* CurrencyExchangeTests.xctest */,
			);
			name = Products;
			sourceTree = "<group>";
		};
		36D285271F63EE14007B0034 /* CurrencyExchange */ = {
			isa = PBXGroup;
			children = (
				36D285591F63F1FB007B0034 /* Core */,
				36501F6F1F66F28D00B70691 /* Localization */,
				36D2855F1F63F1FB007B0034 /* Views */,
				36D2854D1F63EE9C007B0034 /* ViewControllers */,
				36D2852B1F63EE14007B0034 /* AppDelegate.h */,
				36D2852C1F63EE14007B0034 /* AppDelegate.m */,
				36D285311F63EE14007B0034 /* Main.storyboard */,
				36D285341F63EE14007B0034 /* Assets.xcassets */,
				36D285361F63EE14007B0034 /* LaunchScreen.storyboard */,
				36D285391F63EE14007B0034 /* Info.plist */,
				36D285281F63EE14007B0034 /* Supporting Files */,
			);
			path = CurrencyExchange;
			sourceTree = "<group>";
		};
		36D285281F63EE14007B0034 /* Supporting Files */ = {
			isa = PBXGroup;
			children = (
				36D285291F63EE14007B0034 /* main.m */,
			);
			name = "Supporting Files";
			sourceTree = "<group>";
		};
		36D285411F63EE15007B0034 /* CurrencyExchangeTests */ = {
			isa = PBXGroup;
			children = (
				36D285421F63EE15007B0034 /* CurrencyExchangeTests.m */,
				36D285441F63EE15007B0034 /* Info.plist */,
			);
			path = CurrencyExchangeTests;
			sourceTree = "<group>";
		};
		36D2854D1F63EE9C007B0034 /* ViewControllers */ = {
			isa = PBXGroup;
			children = (
				36D2854E1F63EE9C007B0034 /* Account */,
				36D2854F1F63EE9C007B0034 /* Exchange */,
			);
			path = ViewControllers;
			sourceTree = "<group>";
		};
		36D2854E1F63EE9C007B0034 /* Account */ = {
			isa = PBXGroup;
			children = (
				36501F491F65551800B70691 /* Cell */,
				363255F91F651EEF003E10F2 /* ViewModel */,
				36D285501F63EEB2007B0034 /* AccountViewController.h */,
				36D285511F63EEB2007B0034 /* AccountViewController.m */,
			);
			path = Account;
			sourceTree = "<group>";
		};
		36D2854F1F63EE9C007B0034 /* Exchange */ = {
			isa = PBXGroup;
			children = (
				36501F4D1F656AF600B70691 /* ViewModel */,
				36D285531F63EEC1007B0034 /* ExchangeViewController.h */,
				36D285541F63EEC1007B0034 /* ExchangeViewController.m */,
			);
			path = Exchange;
			sourceTree = "<group>";
		};
		36D285591F63F1FB007B0034 /* Core */ = {
			isa = PBXGroup;
			children = (
				36D2855A1F63F1FB007B0034 /* Account */,
				36D285641F63F29F007B0034 /* Currency */,
				36D2855B1F63F1FB007B0034 /* CurrencyProvider */,
				36501F6B1F66F0EF00B70691 /* Extensions */,
				36D2855E1F63F1FB007B0034 /* NetworkService */,
				36501F671F66A44300B70691 /* Utils */,
			);
			path = Core;
			sourceTree = "<group>";
		};
		36D2855A1F63F1FB007B0034 /* Account */ = {
			isa = PBXGroup;
			children = (
				36D285681F63F453007B0034 /* Account.h */,
				36D285691F63F453007B0034 /* Account.m */,
				36D2856B1F63F510007B0034 /* AccountRecord.h */,
				36D2856C1F63F510007B0034 /* AccountRecord.m */,
				36501F721F67032700B70691 /* ExchangeTransaction.h */,
				36501F731F67032700B70691 /* ExchangeTransaction.m */,
			);
			path = Account;
			sourceTree = "<group>";
		};
		36D2855B1F63F1FB007B0034 /* CurrencyProvider */ = {
			isa = PBXGroup;
			children = (
				36001D1E1F67A4F5006748EF /* Server */,
				36D285711F63FD6B007B0034 /* CurrencyProvider.h */,
				36D285721F63FD6B007B0034 /* CurrencyProvider.m */,
			);
			path = CurrencyProvider;
			sourceTree = "<group>";
		};
		36D2855E1F63F1FB007B0034 /* NetworkService */ = {
			isa = PBXGroup;
			children = (
				36001D111F6721D3006748EF /* NetworkService.h */,
				36001D121F6721D3006748EF /* NetworkService.m */,
			);
			path = NetworkService;
			sourceTree = "<group>";
		};
		36D2855F1F63F1FB007B0034 /* Views */ = {
			isa = PBXGroup;
			children = (
				36501F571F657F5600B70691 /* UIView */,
				36501F511F6578D600B70691 /* AccountRecordView */,
				36501F5B1F65875F00B70691 /* CarouselView */,
			);
			path = Views;
			sourceTree = "<group>";
		};
		36D285641F63F29F007B0034 /* Currency */ = {
			isa = PBXGroup;
			children = (
				36D285651F63F35F007B0034 /* Currency.h */,
				36D285661F63F35F007B0034 /* Currency.m */,
				36501F611F66820300B70691 /* CurrencyPair.h */,
				36501F621F66820300B70691 /* CurrencyPair.m */,
			);
			path = Currency;
			sourceTree = "<group>";
		};
		8A4E8227024FBCB7DE4ECF18 /* Pods */ = {
			isa = PBXGroup;
			children = (
				FE82FA054182A07C5C74B7E9 /* Pods-CurrencyExchange.debug.xcconfig */,
				FACEE0838B1CCB77444A8641 /* Pods-CurrencyExchange.release.xcconfig */,
			);
			name = Pods;
			sourceTree = "<group>";
		};
		AFC518DD4F92BF652AF1D4CD /* Frameworks */ = {
			isa = PBXGroup;
			children = (
				077AD2469B13C9441A896D06 /* Pods_CurrencyExchange.framework */,
			);
			name = Frameworks;
			sourceTree = "<group>";
		};
/* End PBXGroup section */

/* Begin PBXNativeTarget section */
		36D285241F63EE14007B0034 /* CurrencyExchange */ = {
			isa = PBXNativeTarget;
			buildConfigurationList = 36D285471F63EE15007B0034 /* Build configuration list for PBXNativeTarget "CurrencyExchange" */;
			buildPhases = (
				266F69779D4D9D172B397ABB /* [CP] Check Pods Manifest.lock */,
				36D285211F63EE14007B0034 /* Sources */,
				36D285221F63EE14007B0034 /* Frameworks */,
				36D285231F63EE14007B0034 /* Resources */,
				B9D80E15BB2CAB79779E11F5 /* [CP] Embed Pods Frameworks */,
				463AD50E9B943E3EA5263008 /* [CP] Copy Pods Resources */,
			);
			buildRules = (
			);
			dependencies = (
			);
			name = CurrencyExchange;
			productName = CurrencyExchange;
			productReference = 36D285251F63EE14007B0034 /* CurrencyExchange.app */;
			productType = "com.apple.product-type.application";
		};
		36D2853D1F63EE15007B0034 /* CurrencyExchangeTests */ = {
			isa = PBXNativeTarget;
			buildConfigurationList = 36D2854A1F63EE15007B0034 /* Build configuration list for PBXNativeTarget "CurrencyExchangeTests" */;
			buildPhases = (
				36D2853A1F63EE15007B0034 /* Sources */,
				36D2853B1F63EE15007B0034 /* Frameworks */,
				36D2853C1F63EE15007B0034 /* Resources */,
			);
			buildRules = (
			);
			dependencies = (
				36D285401F63EE15007B0034 /* PBXTargetDependency */,
			);
			name = CurrencyExchangeTests;
			productName = CurrencyExchangeTests;
			productReference = 36D2853E1F63EE15007B0034 /* CurrencyExchangeTests.xctest */;
			productType = "com.apple.product-type.bundle.unit-test";
		};
/* End PBXNativeTarget section */

/* Begin PBXProject section */
		36D2851D1F63EE14007B0034 /* Project object */ = {
			isa = PBXProject;
			attributes = {
				LastUpgradeCheck = 0830;
				ORGANIZATIONNAME = "Ilya Rudometov";
				TargetAttributes = {
					36D285241F63EE14007B0034 = {
						CreatedOnToolsVersion = 8.3.3;
						DevelopmentTeam = T4FZEXKFYW;
						ProvisioningStyle = Automatic;
					};
					36D2853D1F63EE15007B0034 = {
						CreatedOnToolsVersion = 8.3.3;
						DevelopmentTeam = T4FZEXKFYW;
						ProvisioningStyle = Automatic;
						TestTargetID = 36D285241F63EE14007B0034;
					};
				};
			};
			buildConfigurationList = 36D285201F63EE14007B0034 /* Build configuration list for PBXProject "CurrencyExchange" */;
			compatibilityVersion = "Xcode 3.2";
			developmentRegion = English;
			hasScannedForEncodings = 0;
			knownRegions = (
				en,
				Base,
			);
			mainGroup = 36D2851C1F63EE14007B0034;
			productRefGroup = 36D285261F63EE14007B0034 /* Products */;
			projectDirPath = "";
			projectRoot = "";
			targets = (
				36D285241F63EE14007B0034 /* CurrencyExchange */,
				36D2853D1F63EE15007B0034 /* CurrencyExchangeTests */,
			);
		};
/* End PBXProject section */

/* Begin PBXResourcesBuildPhase section */
		36D285231F63EE14007B0034 /* Resources */ = {
			isa = PBXResourcesBuildPhase;
			buildActionMask = 2147483647;
			files = (
				36D285381F63EE14007B0034 /* LaunchScreen.storyboard in Resources */,
				36501F711F66F2A000B70691 /* Localizable.strings in Resources */,
				36501F561F6579ED00B70691 /* AccountRecordView.xib in Resources */,
				36D285351F63EE14007B0034 /* Assets.xcassets in Resources */,
				36501F761F670B5F00B70691 /* Errors.strings in Resources */,
				36D285331F63EE14007B0034 /* Main.storyboard in Resources */,
				36501F601F65878A00B70691 /* CarouselView.xib in Resources */,
			);
			runOnlyForDeploymentPostprocessing = 0;
		};
		36D2853C1F63EE15007B0034 /* Resources */ = {
			isa = PBXResourcesBuildPhase;
			buildActionMask = 2147483647;
			files = (
			);
			runOnlyForDeploymentPostprocessing = 0;
		};
/* End PBXResourcesBuildPhase section */

/* Begin PBXShellScriptBuildPhase section */
		266F69779D4D9D172B397ABB /* [CP] Check Pods Manifest.lock */ = {
			isa = PBXShellScriptBuildPhase;
			buildActionMask = 2147483647;
			files = (
			);
			inputPaths = (
			);
			name = "[CP] Check Pods Manifest.lock";
			outputPaths = (
			);
			runOnlyForDeploymentPostprocessing = 0;
			shellPath = /bin/sh;
			shellScript = "diff \"${PODS_ROOT}/../Podfile.lock\" \"${PODS_ROOT}/Manifest.lock\" > /dev/null\nif [ $? != 0 ] ; then\n    # print error to STDERR\n    echo \"error: The sandbox is not in sync with the Podfile.lock. Run 'pod install' or update your CocoaPods installation.\" >&2\n    exit 1\nfi\n";
			showEnvVarsInLog = 0;
		};
		463AD50E9B943E3EA5263008 /* [CP] Copy Pods Resources */ = {
			isa = PBXShellScriptBuildPhase;
			buildActionMask = 2147483647;
			files = (
			);
			inputPaths = (
			);
			name = "[CP] Copy Pods Resources";
			outputPaths = (
			);
			runOnlyForDeploymentPostprocessing = 0;
			shellPath = /bin/sh;
			shellScript = "\"${SRCROOT}/../Pods/Target Support Files/Pods-CurrencyExchange/Pods-CurrencyExchange-resources.sh\"\n";
			showEnvVarsInLog = 0;
		};
		B9D80E15BB2CAB79779E11F5 /* [CP] Embed Pods Frameworks */ = {
			isa = PBXShellScriptBuildPhase;
			buildActionMask = 2147483647;
			files = (
			);
			inputPaths = (
			);
			name = "[CP] Embed Pods Frameworks";
			outputPaths = (
			);
			runOnlyForDeploymentPostprocessing = 0;
			shellPath = /bin/sh;
			shellScript = "\"${SRCROOT}/../Pods/Target Support Files/Pods-CurrencyExchange/Pods-CurrencyExchange-frameworks.sh\"\n";
			showEnvVarsInLog = 0;
		};
/* End PBXShellScriptBuildPhase section */

/* Begin PBXSourcesBuildPhase section */
		36D285211F63EE14007B0034 /* Sources */ = {
			isa = PBXSourcesBuildPhase;
			buildActionMask = 2147483647;
			files = (
				36501F631F66820300B70691 /* CurrencyPair.m in Sources */,
				36001D191F672875006748EF /* CurrencyProvider+Private.m in Sources */,
				36D285731F63FD6B007B0034 /* CurrencyProvider.m in Sources */,
				36501F501F656AF600B70691 /* ExchangeViewModel.m in Sources */,
				36D285551F63EEC1007B0034 /* ExchangeViewController.m in Sources */,
				36D285521F63EEB2007B0034 /* AccountViewController.m in Sources */,
				36D285671F63F35F007B0034 /* Currency.m in Sources */,
				36501F5A1F657F6F00B70691 /* UIView+Ex.m in Sources */,
				36001D241F67A4F5006748EF /* CurrencyProvider+Network.m in Sources */,
				36D2852D1F63EE14007B0034 /* AppDelegate.m in Sources */,
				363255FF1F651F08003E10F2 /* AccountViewModel+DefaultAccount.m in Sources */,
				36B342511F67A7D1002F6B64 /* CurrencyPairResponse.m in Sources */,
				36501F741F67032700B70691 /* ExchangeTransaction.m in Sources */,
				36501F6A1F66A45100B70691 /* Utils.m in Sources */,
				36501F791F671C3700B70691 /* UIViewController+Errors.m in Sources */,
				36001D251F67A4F5006748EF /* CurrencyPairResponseSerializer.m in Sources */,
				36501F5E1F65876900B70691 /* CarouselView.m in Sources */,
				36501F4C1F65552B00B70691 /* AccountRecordTableViewCell.m in Sources */,
				36D2856A1F63F453007B0034 /* Account.m in Sources */,
				36D2856D1F63F510007B0034 /* AccountRecord.m in Sources */,
				363255FC1F651EEF003E10F2 /* AccountViewModel.m in Sources */,
				36501F661F66A20400B70691 /* AccountViewModel+Private.m in Sources */,
				36501F6E1F66F0FE00B70691 /* NSNumber+Currency.m in Sources */,
				36D2852A1F63EE14007B0034 /* main.m in Sources */,
				36001D131F6721D3006748EF /* NetworkService.m in Sources */,
				36501F541F65799E00B70691 /* AccountRecordView.m in Sources */,
			);
			runOnlyForDeploymentPostprocessing = 0;
		};
		36D2853A1F63EE15007B0034 /* Sources */ = {
			isa = PBXSourcesBuildPhase;
			buildActionMask = 2147483647;
			files = (
				36D285431F63EE15007B0034 /* CurrencyExchangeTests.m in Sources */,
			);
			runOnlyForDeploymentPostprocessing = 0;
		};
/* End PBXSourcesBuildPhase section */

/* Begin PBXTargetDependency section */
		36D285401F63EE15007B0034 /* PBXTargetDependency */ = {
			isa = PBXTargetDependency;
			target = 36D285241F63EE14007B0034 /* CurrencyExchange */;
			targetProxy = 36D2853F1F63EE15007B0034 /* PBXContainerItemProxy */;
		};
/* End PBXTargetDependency section */

/* Begin PBXVariantGroup section */
		36D285311F63EE14007B0034 /* Main.storyboard */ = {
			isa = PBXVariantGroup;
			children = (
				36D285321F63EE14007B0034 /* Base */,
			);
			name = Main.storyboard;
			sourceTree = "<group>";
		};
		36D285361F63EE14007B0034 /* LaunchScreen.storyboard */ = {
			isa = PBXVariantGroup;
			children = (
				36D285371F63EE14007B0034 /* Base */,
			);
			name = LaunchScreen.storyboard;
			sourceTree = "<group>";
		};
/* End PBXVariantGroup section */

/* Begin XCBuildConfiguration section */
		36D285451F63EE15007B0034 /* Debug */ = {
			isa = XCBuildConfiguration;
			buildSettings = {
				ALWAYS_SEARCH_USER_PATHS = NO;
				CLANG_ANALYZER_NONNULL = YES;
				CLANG_ANALYZER_NUMBER_OBJECT_CONVERSION = YES_AGGRESSIVE;
				CLANG_CXX_LANGUAGE_STANDARD = "gnu++0x";
				CLANG_CXX_LIBRARY = "libc++";
				CLANG_ENABLE_MODULES = YES;
				CLANG_ENABLE_OBJC_ARC = YES;
				CLANG_WARN_BOOL_CONVERSION = YES;
				CLANG_WARN_CONSTANT_CONVERSION = YES;
				CLANG_WARN_DIRECT_OBJC_ISA_USAGE = YES_ERROR;
				CLANG_WARN_DOCUMENTATION_COMMENTS = YES;
				CLANG_WARN_EMPTY_BODY = YES;
				CLANG_WARN_ENUM_CONVERSION = YES;
				CLANG_WARN_INFINITE_RECURSION = YES;
				CLANG_WARN_INT_CONVERSION = YES;
				CLANG_WARN_OBJC_ROOT_CLASS = YES_ERROR;
				CLANG_WARN_SUSPICIOUS_MOVE = YES;
				CLANG_WARN_UNREACHABLE_CODE = YES;
				CLANG_WARN__DUPLICATE_METHOD_MATCH = YES;
				"CODE_SIGN_IDENTITY[sdk=iphoneos*]" = "iPhone Developer";
				COPY_PHASE_STRIP = NO;
				DEBUG_INFORMATION_FORMAT = dwarf;
				ENABLE_STRICT_OBJC_MSGSEND = YES;
				ENABLE_TESTABILITY = YES;
				GCC_C_LANGUAGE_STANDARD = gnu99;
				GCC_DYNAMIC_NO_PIC = NO;
				GCC_NO_COMMON_BLOCKS = YES;
				GCC_OPTIMIZATION_LEVEL = 0;
				GCC_PREPROCESSOR_DEFINITIONS = (
					"DEBUG=1",
					"$(inherited)",
				);
				GCC_WARN_64_TO_32_BIT_CONVERSION = YES;
				GCC_WARN_ABOUT_RETURN_TYPE = YES_ERROR;
				GCC_WARN_UNDECLARED_SELECTOR = YES;
				GCC_WARN_UNINITIALIZED_AUTOS = YES_AGGRESSIVE;
				GCC_WARN_UNUSED_FUNCTION = YES;
				GCC_WARN_UNUSED_VARIABLE = YES;
				IPHONEOS_DEPLOYMENT_TARGET = 10.3;
				MTL_ENABLE_DEBUG_INFO = YES;
				ONLY_ACTIVE_ARCH = YES;
				SDKROOT = iphoneos;
			};
			name = Debug;
		};
		36D285461F63EE15007B0034 /* Release */ = {
			isa = XCBuildConfiguration;
			buildSettings = {
				ALWAYS_SEARCH_USER_PATHS = NO;
				CLANG_ANALYZER_NONNULL = YES;
				CLANG_ANALYZER_NUMBER_OBJECT_CONVERSION = YES_AGGRESSIVE;
				CLANG_CXX_LANGUAGE_STANDARD = "gnu++0x";
				CLANG_CXX_LIBRARY = "libc++";
				CLANG_ENABLE_MODULES = YES;
				CLANG_ENABLE_OBJC_ARC = YES;
				CLANG_WARN_BOOL_CONVERSION = YES;
				CLANG_WARN_CONSTANT_CONVERSION = YES;
				CLANG_WARN_DIRECT_OBJC_ISA_USAGE = YES_ERROR;
				CLANG_WARN_DOCUMENTATION_COMMENTS = YES;
				CLANG_WARN_EMPTY_BODY = YES;
				CLANG_WARN_ENUM_CONVERSION = YES;
				CLANG_WARN_INFINITE_RECURSION = YES;
				CLANG_WARN_INT_CONVERSION = YES;
				CLANG_WARN_OBJC_ROOT_CLASS = YES_ERROR;
				CLANG_WARN_SUSPICIOUS_MOVE = YES;
				CLANG_WARN_UNREACHABLE_CODE = YES;
				CLANG_WARN__DUPLICATE_METHOD_MATCH = YES;
				"CODE_SIGN_IDENTITY[sdk=iphoneos*]" = "iPhone Developer";
				COPY_PHASE_STRIP = NO;
				DEBUG_INFORMATION_FORMAT = "dwarf-with-dsym";
				ENABLE_NS_ASSERTIONS = NO;
				ENABLE_STRICT_OBJC_MSGSEND = YES;
				GCC_C_LANGUAGE_STANDARD = gnu99;
				GCC_NO_COMMON_BLOCKS = YES;
				GCC_WARN_64_TO_32_BIT_CONVERSION = YES;
				GCC_WARN_ABOUT_RETURN_TYPE = YES_ERROR;
				GCC_WARN_UNDECLARED_SELECTOR = YES;
				GCC_WARN_UNINITIALIZED_AUTOS = YES_AGGRESSIVE;
				GCC_WARN_UNUSED_FUNCTION = YES;
				GCC_WARN_UNUSED_VARIABLE = YES;
				IPHONEOS_DEPLOYMENT_TARGET = 10.3;
				MTL_ENABLE_DEBUG_INFO = NO;
				SDKROOT = iphoneos;
				VALIDATE_PRODUCT = YES;
			};
			name = Release;
		};
		36D285481F63EE15007B0034 /* Debug */ = {
			isa = XCBuildConfiguration;
			baseConfigurationReference = FE82FA054182A07C5C74B7E9 /* Pods-CurrencyExchange.debug.xcconfig */;
			buildSettings = {
				ASSETCATALOG_COMPILER_APPICON_NAME = AppIcon;
				DEVELOPMENT_TEAM = T4FZEXKFYW;
				INFOPLIST_FILE = CurrencyExchange/Info.plist;
				IPHONEOS_DEPLOYMENT_TARGET = 8.0;
				LD_RUNPATH_SEARCH_PATHS = "$(inherited) @executable_path/Frameworks";
				PRODUCT_BUNDLE_IDENTIFIER = com.irudometov.CurrencyExchange;
				PRODUCT_NAME = "$(TARGET_NAME)";
			};
			name = Debug;
		};
		36D285491F63EE15007B0034 /* Release */ = {
			isa = XCBuildConfiguration;
			baseConfigurationReference = FACEE0838B1CCB77444A8641 /* Pods-CurrencyExchange.release.xcconfig */;
			buildSettings = {
				ASSETCATALOG_COMPILER_APPICON_NAME = AppIcon;
				DEVELOPMENT_TEAM = T4FZEXKFYW;
				INFOPLIST_FILE = CurrencyExchange/Info.plist;
				IPHONEOS_DEPLOYMENT_TARGET = 8.0;
				LD_RUNPATH_SEARCH_PATHS = "$(inherited) @executable_path/Frameworks";
				PRODUCT_BUNDLE_IDENTIFIER = com.irudometov.CurrencyExchange;
				PRODUCT_NAME = "$(TARGET_NAME)";
			};
			name = Release;
		};
		36D2854B1F63EE15007B0034 /* Debug */ = {
			isa = XCBuildConfiguration;
			buildSettings = {
				BUNDLE_LOADER = "$(TEST_HOST)";
				DEVELOPMENT_TEAM = T4FZEXKFYW;
				INFOPLIST_FILE = CurrencyExchangeTests/Info.plist;
				LD_RUNPATH_SEARCH_PATHS = "$(inherited) @executable_path/Frameworks @loader_path/Frameworks";
				PRODUCT_BUNDLE_IDENTIFIER = com.irudometov.CurrencyExchangeTests;
				PRODUCT_NAME = "$(TARGET_NAME)";
				TEST_HOST = "$(BUILT_PRODUCTS_DIR)/CurrencyExchange.app/CurrencyExchange";
			};
			name = Debug;
		};
		36D2854C1F63EE15007B0034 /* Release */ = {
			isa = XCBuildConfiguration;
			buildSettings = {
				BUNDLE_LOADER = "$(TEST_HOST)";
				DEVELOPMENT_TEAM = T4FZEXKFYW;
				INFOPLIST_FILE = CurrencyExchangeTests/Info.plist;
				LD_RUNPATH_SEARCH_PATHS = "$(inherited) @executable_path/Frameworks @loader_path/Frameworks";
				PRODUCT_BUNDLE_IDENTIFIER = com.irudometov.CurrencyExchangeTests;
				PRODUCT_NAME = "$(TARGET_NAME)";
				TEST_HOST = "$(BUILT_PRODUCTS_DIR)/CurrencyExchange.app/CurrencyExchange";
			};
			name = Release;
		};
/* End XCBuildConfiguration section */

/* Begin XCConfigurationList section */
		36D285201F63EE14007B0034 /* Build configuration list for PBXProject "CurrencyExchange" */ = {
			isa = XCConfigurationList;
			buildConfigurations = (
				36D285451F63EE15007B0034 /* Debug */,
				36D285461F63EE15007B0034 /* Release */,
			);
			defaultConfigurationIsVisible = 0;
			defaultConfigurationName = Release;
		};
		36D285471F63EE15007B0034 /* Build configuration list for PBXNativeTarget "CurrencyExchange" */ = {
			isa = XCConfigurationList;
			buildConfigurations = (
				36D285481F63EE15007B0034 /* Debug */,
				36D285491F63EE15007B0034 /* Release */,
			);
			defaultConfigurationIsVisible = 0;
			defaultConfigurationName = Release;
		};
		36D2854A1F63EE15007B0034 /* Build configuration list for PBXNativeTarget "CurrencyExchangeTests" */ = {
			isa = XCConfigurationList;
			buildConfigurations = (
				36D2854B1F63EE15007B0034 /* Debug */,
				36D2854C1F63EE15007B0034 /* Release */,
			);
			defaultConfigurationIsVisible = 0;
			defaultConfigurationName = Release;
		};
/* End XCConfigurationList section */
	};
	rootObject = 36D2851D1F63EE14007B0034 /* Project object */;
}
